
Microsoft Visual Studio Solution File, Format Version 12.00
# Visual Studio Version 17
VisualStudioVersion = 17.7.34031.279
MinimumVisualStudioVersion = 10.0.40219.1
Project("{FAE04EC0-301F-11D3-BF4B-00C04F79EFBC}") = "blogpessoal", "blogpessoal.csproj", "{B9C803CB-59D9-463D-BD04-BFCA3E6B4A05}"
EndProject
Global
	GlobalSection(SolutionConfigurationPlatforms) = preSolution
		Debug|Any CPU = Debug|Any CPU
		Release|Any CPU = Release|Any CPU
	EndGlobalSection
	GlobalSection(ProjectConfigurationPlatforms) = postSolution
		{B9C803CB-59D9-463D-BD04-BFCA3E6B4A05}.Debug|Any CPU.ActiveCfg = Debug|Any CPU
		{B9C803CB-59D9-463D-BD04-BFCA3E6B4A05}.Debug|Any CPU.Build.0 = Debug|Any CPU
		{B9C803CB-59D9-463D-BD04-BFCA3E6B4A05}.Release|Any CPU.ActiveCfg = Release|Any CPU
		{B9C803CB-59D9-463D-BD04-BFCA3E6B4A05}.Release|Any CPU.Build.0 = Release|Any CPU
	EndGlobalSection
	GlobalSection(SolutionProperties) = preSolution
		HideSolutionNode = FALSE
	EndGlobalSection
	GlobalSection(ExtensibilityGlobals) = postSolution
		SolutionGuid = {131CB16D-AFF8-408F-AD02-4C2D52B406E0}
	EndGlobalSection
EndGlobal
